
Microsoft Visual Studio Solution File, Format Version 12.00
# Visual Studio Version 17
VisualStudioVersion = 17.14.36414.22 d17.14
MinimumVisualStudioVersion = 10.0.40219.1
Project("{2150E333-8FDC-42A3-9474-1A3956D46DE8}") = "Task0", "Task0", "{02EA681E-C7D8-13C7-8484-4AC65E1B71E8}"
EndProject
Project("{FAE04EC0-301F-11D3-BF4B-00C04F79EFBC}") = "Tyuiu.PupovAA.Sprint2.Task0.V28", "Tyuiu.PupovAA.Sprint2.Task0.V28\Tyuiu.PupovAA.Sprint2.Task0.V28.csproj", "{238967E7-4EB3-4D3D-A2E0-A94F8194B977}"
EndProject
Project("{FAE04EC0-301F-11D3-BF4B-00C04F79EFBC}") = "Tyuiu.PupovAA.Sprint2.Task0.V28.Lib", "Tyuiu.PupovAA.Sprint2.Task0.V28.Lib\Tyuiu.PupovAA.Sprint2.Task0.V28.Lib.csproj", "{C09053D7-03D9-4C21-A73D-C0659182E1BC}"
EndProject
Project("{FAE04EC0-301F-11D3-BF4B-00C04F79EFBC}") = "Tyuiu.PupovAA.Sprint2.Task0.V28.Test", "Tyuiu.PupovAA.Sprint2.Task0.V28.Test\Tyuiu.PupovAA.Sprint2.Task0.V28.Test.csproj", "{13D3DFAB-BF98-4F40-8FAF-4B2506BBEE59}"
EndProject
Project("{2150E333-8FDC-42A3-9474-1A3956D46DE8}") = "Task1", "Task1", "{B46A6E6C-ADAE-4F1F-A91F-8EFD09DCE924}"
EndProject
Project("{FAE04EC0-301F-11D3-BF4B-00C04F79EFBC}") = "Tyuiu.PupovAA.Sprint2.Task1.V29", "Tyuiu.PupovAA.Sprint2.Task1.V29\Tyuiu.PupovAA.Sprint2.Task1.V29.csproj", "{D7C328CB-EE2C-44FD-8EB8-096B6281341F}"
EndProject
Project("{FAE04EC0-301F-11D3-BF4B-00C04F79EFBC}") = "Tyuiu.PupovAA.Sprint2.Task1.V29.Lib", "Tyuiu.PupovAA.Sprint2.Task1.V29.Lib\Tyuiu.PupovAA.Sprint2.Task1.V29.Lib.csproj", "{877EA30B-05E7-47E4-97E2-36D9F81C4462}"
EndProject
Project("{FAE04EC0-301F-11D3-BF4B-00C04F79EFBC}") = "Tyuiu.PupovAA.Sprint2.Task1.V29.Test", "Tyuiu.PupovAA.Sprint2.Task1.V29.Test\Tyuiu.PupovAA.Sprint2.Task1.V29.Test.csproj", "{2533B592-095B-480B-94FB-AD504E417A5D}"
EndProject
Project("{2150E333-8FDC-42A3-9474-1A3956D46DE8}") = "Task2", "Task2", "{BFD1D64F-F2D8-4AA2-9DE5-E2181BA1F046}"
EndProject
Project("{FAE04EC0-301F-11D3-BF4B-00C04F79EFBC}") = "Tyuiu.PupovAA.Sprint2.Task2.V23", "Tyuiu.PupovAA.Sprint2.Task2.V23\Tyuiu.PupovAA.Sprint2.Task2.V23.csproj", "{A0BBF8D7-543B-4404-BEDB-EB583AB3380F}"
EndProject
Project("{FAE04EC0-301F-11D3-BF4B-00C04F79EFBC}") = "Tyuiu.PupovAA.Sprint2.Task2.V23.Lib", "Tyuiu.PupovAA.Sprint2.Task2.V23.Lib\Tyuiu.PupovAA.Sprint2.Task2.V23.Lib.csproj", "{4A5D9D1D-F4A4-4EFF-A3E1-0F1112E23996}"
EndProject
Project("{FAE04EC0-301F-11D3-BF4B-00C04F79EFBC}") = "Tyuiu.PupovAA.Sprint2.Task2.V23.Test", "Tyuiu.PupovAA.Sprint2.Task2.V23.Test\Tyuiu.PupovAA.Sprint2.Task2.V23.Test.csproj", "{F98BCBB2-51D7-4B02-9F29-5FB454E9E96C}"
EndProject
Global
	GlobalSection(SolutionConfigurationPlatforms) = preSolution
		Debug|Any CPU = Debug|Any CPU
		Release|Any CPU = Release|Any CPU
	EndGlobalSection
	GlobalSection(ProjectConfigurationPlatforms) = postSolution
		{238967E7-4EB3-4D3D-A2E0-A94F8194B977}.Debug|Any CPU.ActiveCfg = Debug|Any CPU
		{238967E7-4EB3-4D3D-A2E0-A94F8194B977}.Debug|Any CPU.Build.0 = Debug|Any CPU
		{238967E7-4EB3-4D3D-A2E0-A94F8194B977}.Release|Any CPU.ActiveCfg = Release|Any CPU
		{238967E7-4EB3-4D3D-A2E0-A94F8194B977}.Release|Any CPU.Build.0 = Release|Any CPU
		{C09053D7-03D9-4C21-A73D-C0659182E1BC}.Debug|Any CPU.ActiveCfg = Debug|Any CPU
		{C09053D7-03D9-4C21-A73D-C0659182E1BC}.Debug|Any CPU.Build.0 = Debug|Any CPU
		{C09053D7-03D9-4C21-A73D-C0659182E1BC}.Release|Any CPU.ActiveCfg = Release|Any CPU
		{C09053D7-03D9-4C21-A73D-C0659182E1BC}.Release|Any CPU.Build.0 = Release|Any CPU
		{13D3DFAB-BF98-4F40-8FAF-4B2506BBEE59}.Debug|Any CPU.ActiveCfg = Debug|Any CPU
		{13D3DFAB-BF98-4F40-8FAF-4B2506BBEE59}.Debug|Any CPU.Build.0 = Debug|Any CPU
		{13D3DFAB-BF98-4F40-8FAF-4B2506BBEE59}.Release|Any CPU.ActiveCfg = Release|Any CPU
		{13D3DFAB-BF98-4F40-8FAF-4B2506BBEE59}.Release|Any CPU.Build.0 = Release|Any CPU
		{D7C328CB-EE2C-44FD-8EB8-096B6281341F}.Debug|Any CPU.ActiveCfg = Debug|Any CPU
		{D7C328CB-EE2C-44FD-8EB8-096B6281341F}.Debug|Any CPU.Build.0 = Debug|Any CPU
		{D7C328CB-EE2C-44FD-8EB8-096B6281341F}.Release|Any CPU.ActiveCfg = Release|Any CPU
		{D7C328CB-EE2C-44FD-8EB8-096B6281341F}.Release|Any CPU.Build.0 = Release|Any CPU
		{877EA30B-05E7-47E4-97E2-36D9F81C4462}.Debug|Any CPU.ActiveCfg = Debug|Any CPU
		{877EA30B-05E7-47E4-97E2-36D9F81C4462}.Debug|Any CPU.Build.0 = Debug|Any CPU
		{877EA30B-05E7-47E4-97E2-36D9F81C4462}.Release|Any CPU.ActiveCfg = Release|Any CPU
		{877EA30B-05E7-47E4-97E2-36D9F81C4462}.Release|Any CPU.Build.0 = Release|Any CPU
		{2533B592-095B-480B-94FB-AD504E417A5D}.Debug|Any CPU.ActiveCfg = Debug|Any CPU
		{2533B592-095B-480B-94FB-AD504E417A5D}.Debug|Any CPU.Build.0 = Debug|Any CPU
		{2533B592-095B-480B-94FB-AD504E417A5D}.Release|Any CPU.ActiveCfg = Release|Any CPU
		{2533B592-095B-480B-94FB-AD504E417A5D}.Release|Any CPU.Build.0 = Release|Any CPU
		{A0BBF8D7-543B-4404-BEDB-EB583AB3380F}.Debug|Any CPU.ActiveCfg = Debug|Any CPU
		{A0BBF8D7-543B-4404-BEDB-EB583AB3380F}.Debug|Any CPU.Build.0 = Debug|Any CPU
		{A0BBF8D7-543B-4404-BEDB-EB583AB3380F}.Release|Any CPU.ActiveCfg = Release|Any CPU
		{A0BBF8D7-543B-4404-BEDB-EB583AB3380F}.Release|Any CPU.Build.0 = Release|Any CPU
		{4A5D9D1D-F4A4-4EFF-A3E1-0F1112E23996}.Debug|Any CPU.ActiveCfg = Debug|Any CPU
		{4A5D9D1D-F4A4-4EFF-A3E1-0F1112E23996}.Debug|Any CPU.Build.0 = Debug|Any CPU
		{4A5D9D1D-F4A4-4EFF-A3E1-0F1112E23996}.Release|Any CPU.ActiveCfg = Release|Any CPU
		{4A5D9D1D-F4A4-4EFF-A3E1-0F1112E23996}.Release|Any CPU.Build.0 = Release|Any CPU
		{F98BCBB2-51D7-4B02-9F29-5FB454E9E96C}.Debug|Any CPU.ActiveCfg = Debug|Any CPU
		{F98BCBB2-51D7-4B02-9F29-5FB454E9E96C}.Debug|Any CPU.Build.0 = Debug|Any CPU
		{F98BCBB2-51D7-4B02-9F29-5FB454E9E96C}.Release|Any CPU.ActiveCfg = Release|Any CPU
		{F98BCBB2-51D7-4B02-9F29-5FB454E9E96C}.Release|Any CPU.Build.0 = Release|Any CPU
	EndGlobalSection
	GlobalSection(SolutionProperties) = preSolution
		HideSolutionNode = FALSE
	EndGlobalSection
	GlobalSection(NestedProjects) = preSolution
		{238967E7-4EB3-4D3D-A2E0-A94F8194B977} = {02EA681E-C7D8-13C7-8484-4AC65E1B71E8}
		{C09053D7-03D9-4C21-A73D-C0659182E1BC} = {02EA681E-C7D8-13C7-8484-4AC65E1B71E8}
		{13D3DFAB-BF98-4F40-8FAF-4B2506BBEE59} = {02EA681E-C7D8-13C7-8484-4AC65E1B71E8}
		{D7C328CB-EE2C-44FD-8EB8-096B6281341F} = {B46A6E6C-ADAE-4F1F-A91F-8EFD09DCE924}
		{877EA30B-05E7-47E4-97E2-36D9F81C4462} = {B46A6E6C-ADAE-4F1F-A91F-8EFD09DCE924}
		{2533B592-095B-480B-94FB-AD504E417A5D} = {B46A6E6C-ADAE-4F1F-A91F-8EFD09DCE924}
		{A0BBF8D7-543B-4404-BEDB-EB583AB3380F} = {BFD1D64F-F2D8-4AA2-9DE5-E2181BA1F046}
		{4A5D9D1D-F4A4-4EFF-A3E1-0F1112E23996} = {BFD1D64F-F2D8-4AA2-9DE5-E2181BA1F046}
		{F98BCBB2-51D7-4B02-9F29-5FB454E9E96C} = {BFD1D64F-F2D8-4AA2-9DE5-E2181BA1F046}
	EndGlobalSection
	GlobalSection(ExtensibilityGlobals) = postSolution
		SolutionGuid = {A180E935-7A6E-4CD0-8F48-CF3D3AE4B1BA}
	EndGlobalSection
EndGlobal
