
Microsoft Visual Studio Solution File, Format Version 12.00
# Visual Studio Version 17
VisualStudioVersion = 17.14.36414.22
MinimumVisualStudioVersion = 10.0.40219.1
Project("{2150E333-8FDC-42A3-9474-1A3956D46DE8}") = "Task0", "Task0", "{02EA681E-C7D8-13C7-8484-4AC65E1B71E8}"
EndProject
Project("{FAE04EC0-301F-11D3-BF4B-00C04F79EFBC}") = "Tyuiu.PupovAA.Sprint2.Task0.V28", "Tyuiu.PupovAA.Sprint2.Task0.V28\Tyuiu.PupovAA.Sprint2.Task0.V28.csproj", "{238967E7-4EB3-4D3D-A2E0-A94F8194B977}"
EndProject
Project("{FAE04EC0-301F-11D3-BF4B-00C04F79EFBC}") = "Tyuiu.PupovAA.Sprint2.Task0.V28.Lib", "Tyuiu.PupovAA.Sprint2.Task0.V28.Lib\Tyuiu.PupovAA.Sprint2.Task0.V28.Lib.csproj", "{C09053D7-03D9-4C21-A73D-C0659182E1BC}"
EndProject
Project("{FAE04EC0-301F-11D3-BF4B-00C04F79EFBC}") = "Tyuiu.PupovAA.Sprint2.Task0.V28.Test", "Tyuiu.PupovAA.Sprint2.Task0.V28.Test\Tyuiu.PupovAA.Sprint2.Task0.V28.Test.csproj", "{13D3DFAB-BF98-4F40-8FAF-4B2506BBEE59}"
EndProject
Project("{2150E333-8FDC-42A3-9474-1A3956D46DE8}") = "Task1", "Task1", "{B46A6E6C-ADAE-4F1F-A91F-8EFD09DCE924}"
EndProject
Project("{FAE04EC0-301F-11D3-BF4B-00C04F79EFBC}") = "Tyuiu.PupovAA.Sprint2.Task1.V29", "Tyuiu.PupovAA.Sprint2.Task1.V29\Tyuiu.PupovAA.Sprint2.Task1.V29.csproj", "{D7C328CB-EE2C-44FD-8EB8-096B6281341F}"
EndProject
Project("{FAE04EC0-301F-11D3-BF4B-00C04F79EFBC}") = "Tyuiu.PupovAA.Sprint2.Task1.V29.Lib", "Tyuiu.PupovAA.Sprint2.Task1.V29.Lib\Tyuiu.PupovAA.Sprint2.Task1.V29.Lib.csproj", "{877EA30B-05E7-47E4-97E2-36D9F81C4462}"
EndProject
Project("{FAE04EC0-301F-11D3-BF4B-00C04F79EFBC}") = "Tyuiu.PupovAA.Sprint2.Task1.V29.Test", "Tyuiu.PupovAA.Sprint2.Task1.V29.Test\Tyuiu.PupovAA.Sprint2.Task1.V29.Test.csproj", "{2533B592-095B-480B-94FB-AD504E417A5D}"
EndProject
Project("{2150E333-8FDC-42A3-9474-1A3956D46DE8}") = "Task2", "Task2", "{BFD1D64F-F2D8-4AA2-9DE5-E2181BA1F046}"
EndProject
Project("{FAE04EC0-301F-11D3-BF4B-00C04F79EFBC}") = "Tyuiu.PupovAA.Sprint2.Task2.V23", "Tyuiu.PupovAA.Sprint2.Task2.V23\Tyuiu.PupovAA.Sprint2.Task2.V23.csproj", "{A0BBF8D7-543B-4404-BEDB-EB583AB3380F}"
EndProject
Project("{FAE04EC0-301F-11D3-BF4B-00C04F79EFBC}") = "Tyuiu.PupovAA.Sprint2.Task2.V23.Lib", "Tyuiu.PupovAA.Sprint2.Task2.V23.Lib\Tyuiu.PupovAA.Sprint2.Task2.V23.Lib.csproj", "{4A5D9D1D-F4A4-4EFF-A3E1-0F1112E23996}"
EndProject
Project("{FAE04EC0-301F-11D3-BF4B-00C04F79EFBC}") = "Tyuiu.PupovAA.Sprint2.Task2.V23.Test", "Tyuiu.PupovAA.Sprint2.Task2.V23.Test\Tyuiu.PupovAA.Sprint2.Task2.V23.Test.csproj", "{F98BCBB2-51D7-4B02-9F29-5FB454E9E96C}"
EndProject
Project("{FAE04EC0-301F-11D3-BF4B-00C04F79EFBC}") = "Tyuiu.PupovAA.Sprint2.Task3.V21.Lib", "Tyuiu.PupovAA.Sprint2.Task3.V21.Lib\Tyuiu.PupovAA.Sprint2.Task3.V21.Lib.csproj", "{649A82B1-0399-0BF3-19FD-4A0232AD1831}"
EndProject
Project("{FAE04EC0-301F-11D3-BF4B-00C04F79EFBC}") = "Tyuiu.PupovAA.Sprint2.Task3.V21.Test", "Tyuiu.PupovAA.Sprint2.Task3.V21.Test\Tyuiu.PupovAA.Sprint2.Task3.V21.Test.csproj", "{F01D205D-7EE4-8CBB-8F9A-53A691505D88}"
EndProject
Project("{FAE04EC0-301F-11D3-BF4B-00C04F79EFBC}") = "Tyuiu.PupovAA.Sprint2.Task3.V21", "Tyuiu.PupovAA.Sprint2.Task3.V21\Tyuiu.PupovAA.Sprint2.Task3.V21.csproj", "{4535469E-73C7-3CB8-C03C-4EE08B912240}"
EndProject
Project("{2150E333-8FDC-42A3-9474-1A3956D46DE8}") = "Task3", "Task3", "{740C60D3-4707-4967-9E59-3264CC76BA04}"
EndProject
Project("{2150E333-8FDC-42A3-9474-1A3956D46DE8}") = "Task4", "Task4", "{F90C619E-B605-4752-B8A3-1A02EC5E98C9}"
EndProject
Project("{FAE04EC0-301F-11D3-BF4B-00C04F79EFBC}") = "Tyuiu.PupovAA.Sprint2.Task4.V9", "Tyuiu.PupovAA.Sprint2.Task4.V9\Tyuiu.PupovAA.Sprint2.Task4.V9.csproj", "{4146A1C7-C81C-416C-B90C-08841DC5C025}"
EndProject
Project("{FAE04EC0-301F-11D3-BF4B-00C04F79EFBC}") = "Tyuiu.PupovAA.Sprint2.Task4.V9.Lib", "Tyuiu.PupovAA.Sprint2.Task4.V9.Lib\Tyuiu.PupovAA.Sprint2.Task4.V9.Lib.csproj", "{DDF9B03B-8A02-4470-997A-DF5757EAA520}"
EndProject
Project("{FAE04EC0-301F-11D3-BF4B-00C04F79EFBC}") = "Tyuiu.PupovAA.Sprint2.Task4.V9.Test", "Tyuiu.PupovAA.Sprint2.Task4.V9.Test\Tyuiu.PupovAA.Sprint2.Task4.V9.Test.csproj", "{CC305139-6492-4294-8FC3-D78C15C24497}"
EndProject
Project("{2150E333-8FDC-42A3-9474-1A3956D46DE8}") = "Task5", "Task5", "{FA4363BB-F46D-4A0A-BA10-89FA8CDA00FA}"
EndProject
Project("{FAE04EC0-301F-11D3-BF4B-00C04F79EFBC}") = "Tyuiu.PupovAA.Sprint2.Task5.V6", "Tyuiu.PupovAA.Sprint2.Task5.V6\Tyuiu.PupovAA.Sprint2.Task5.V6.csproj", "{F2D7D1F0-AB57-4268-8DDE-AA729651246D}"
EndProject
Project("{FAE04EC0-301F-11D3-BF4B-00C04F79EFBC}") = "Tyuiu.PupovAA.Sprint2.Task5.V6.Lib", "Tyuiu.PupovAA.Sprint2.Task5.V6.Lib\Tyuiu.PupovAA.Sprint2.Task5.V6.Lib.csproj", "{021A144F-A054-4453-818A-85849A39F1C6}"
EndProject
Project("{FAE04EC0-301F-11D3-BF4B-00C04F79EFBC}") = "Tyuiu.PupovAA.Sprint2.Task5.V6.Test", "Tyuiu.PupovAA.Sprint2.Task5.V6.Test\Tyuiu.PupovAA.Sprint2.Task5.V6.Test.csproj", "{0D4F403C-0B82-4133-8A81-DDB9A45F19E5}"
EndProject
Project("{2150E333-8FDC-42A3-9474-1A3956D46DE8}") = "Task6", "Task6", "{E71277BB-3231-42B9-AF66-FF18A2FE6E40}"
EndProject
Project("{FAE04EC0-301F-11D3-BF4B-00C04F79EFBC}") = "Tyuiu.PupovAA.Sprint2.Task6.V12", "Tyuiu.PupovAA.Sprint2.Task6.V12\Tyuiu.PupovAA.Sprint2.Task6.V12.csproj", "{7EA81439-5B0C-4C6A-98CA-F8C4876766FC}"
EndProject
Project("{FAE04EC0-301F-11D3-BF4B-00C04F79EFBC}") = "Tyuiu.PupovAA.Sprint2.Task6.V12.Lib", "Tyuiu.PupovAA.Sprint2.Task6.V12.Lib\Tyuiu.PupovAA.Sprint2.Task6.V12.Lib.csproj", "{7E0FA73A-44F4-4A6C-9BDB-7C6E19482BD3}"
EndProject
Project("{FAE04EC0-301F-11D3-BF4B-00C04F79EFBC}") = "Tyuiu.PupovAA.Sprint2.Task6.V12.Test", "Tyuiu.PupovAA.Sprint2.Task6.V12.Test\Tyuiu.PupovAA.Sprint2.Task6.V12.Test.csproj", "{BD2A24B6-16E8-49C5-8E19-DDE1A993DC7C}"
EndProject
Global
	GlobalSection(SolutionConfigurationPlatforms) = preSolution
		Debug|Any CPU = Debug|Any CPU
		Release|Any CPU = Release|Any CPU
	EndGlobalSection
	GlobalSection(ProjectConfigurationPlatforms) = postSolution
		{238967E7-4EB3-4D3D-A2E0-A94F8194B977}.Debug|Any CPU.ActiveCfg = Debug|Any CPU
		{238967E7-4EB3-4D3D-A2E0-A94F8194B977}.Debug|Any CPU.Build.0 = Debug|Any CPU
		{238967E7-4EB3-4D3D-A2E0-A94F8194B977}.Release|Any CPU.ActiveCfg = Release|Any CPU
		{238967E7-4EB3-4D3D-A2E0-A94F8194B977}.Release|Any CPU.Build.0 = Release|Any CPU
		{C09053D7-03D9-4C21-A73D-C0659182E1BC}.Debug|Any CPU.ActiveCfg = Debug|Any CPU
		{C09053D7-03D9-4C21-A73D-C0659182E1BC}.Debug|Any CPU.Build.0 = Debug|Any CPU
		{C09053D7-03D9-4C21-A73D-C0659182E1BC}.Release|Any CPU.ActiveCfg = Release|Any CPU
		{C09053D7-03D9-4C21-A73D-C0659182E1BC}.Release|Any CPU.Build.0 = Release|Any CPU
		{13D3DFAB-BF98-4F40-8FAF-4B2506BBEE59}.Debug|Any CPU.ActiveCfg = Debug|Any CPU
		{13D3DFAB-BF98-4F40-8FAF-4B2506BBEE59}.Debug|Any CPU.Build.0 = Debug|Any CPU
		{13D3DFAB-BF98-4F40-8FAF-4B2506BBEE59}.Release|Any CPU.ActiveCfg = Release|Any CPU
		{13D3DFAB-BF98-4F40-8FAF-4B2506BBEE59}.Release|Any CPU.Build.0 = Release|Any CPU
		{D7C328CB-EE2C-44FD-8EB8-096B6281341F}.Debug|Any CPU.ActiveCfg = Debug|Any CPU
		{D7C328CB-EE2C-44FD-8EB8-096B6281341F}.Debug|Any CPU.Build.0 = Debug|Any CPU
		{D7C328CB-EE2C-44FD-8EB8-096B6281341F}.Release|Any CPU.ActiveCfg = Release|Any CPU
		{D7C328CB-EE2C-44FD-8EB8-096B6281341F}.Release|Any CPU.Build.0 = Release|Any CPU
		{877EA30B-05E7-47E4-97E2-36D9F81C4462}.Debug|Any CPU.ActiveCfg = Debug|Any CPU
		{877EA30B-05E7-47E4-97E2-36D9F81C4462}.Debug|Any CPU.Build.0 = Debug|Any CPU
		{877EA30B-05E7-47E4-97E2-36D9F81C4462}.Release|Any CPU.ActiveCfg = Release|Any CPU
		{877EA30B-05E7-47E4-97E2-36D9F81C4462}.Release|Any CPU.Build.0 = Release|Any CPU
		{2533B592-095B-480B-94FB-AD504E417A5D}.Debug|Any CPU.ActiveCfg = Debug|Any CPU
		{2533B592-095B-480B-94FB-AD504E417A5D}.Debug|Any CPU.Build.0 = Debug|Any CPU
		{2533B592-095B-480B-94FB-AD504E417A5D}.Release|Any CPU.ActiveCfg = Release|Any CPU
		{2533B592-095B-480B-94FB-AD504E417A5D}.Release|Any CPU.Build.0 = Release|Any CPU
		{A0BBF8D7-543B-4404-BEDB-EB583AB3380F}.Debug|Any CPU.ActiveCfg = Debug|Any CPU
		{A0BBF8D7-543B-4404-BEDB-EB583AB3380F}.Debug|Any CPU.Build.0 = Debug|Any CPU
		{A0BBF8D7-543B-4404-BEDB-EB583AB3380F}.Release|Any CPU.ActiveCfg = Release|Any CPU
		{A0BBF8D7-543B-4404-BEDB-EB583AB3380F}.Release|Any CPU.Build.0 = Release|Any CPU
		{4A5D9D1D-F4A4-4EFF-A3E1-0F1112E23996}.Debug|Any CPU.ActiveCfg = Debug|Any CPU
		{4A5D9D1D-F4A4-4EFF-A3E1-0F1112E23996}.Debug|Any CPU.Build.0 = Debug|Any CPU
		{4A5D9D1D-F4A4-4EFF-A3E1-0F1112E23996}.Release|Any CPU.ActiveCfg = Release|Any CPU
		{4A5D9D1D-F4A4-4EFF-A3E1-0F1112E23996}.Release|Any CPU.Build.0 = Release|Any CPU
		{F98BCBB2-51D7-4B02-9F29-5FB454E9E96C}.Debug|Any CPU.ActiveCfg = Debug|Any CPU
		{F98BCBB2-51D7-4B02-9F29-5FB454E9E96C}.Debug|Any CPU.Build.0 = Debug|Any CPU
		{F98BCBB2-51D7-4B02-9F29-5FB454E9E96C}.Release|Any CPU.ActiveCfg = Release|Any CPU
		{F98BCBB2-51D7-4B02-9F29-5FB454E9E96C}.Release|Any CPU.Build.0 = Release|Any CPU
		{649A82B1-0399-0BF3-19FD-4A0232AD1831}.Debug|Any CPU.ActiveCfg = Debug|Any CPU
		{649A82B1-0399-0BF3-19FD-4A0232AD1831}.Debug|Any CPU.Build.0 = Debug|Any CPU
		{649A82B1-0399-0BF3-19FD-4A0232AD1831}.Release|Any CPU.ActiveCfg = Release|Any CPU
		{649A82B1-0399-0BF3-19FD-4A0232AD1831}.Release|Any CPU.Build.0 = Release|Any CPU
		{F01D205D-7EE4-8CBB-8F9A-53A691505D88}.Debug|Any CPU.ActiveCfg = Debug|Any CPU
		{F01D205D-7EE4-8CBB-8F9A-53A691505D88}.Debug|Any CPU.Build.0 = Debug|Any CPU
		{F01D205D-7EE4-8CBB-8F9A-53A691505D88}.Release|Any CPU.ActiveCfg = Release|Any CPU
		{F01D205D-7EE4-8CBB-8F9A-53A691505D88}.Release|Any CPU.Build.0 = Release|Any CPU
		{4535469E-73C7-3CB8-C03C-4EE08B912240}.Debug|Any CPU.ActiveCfg = Debug|Any CPU
		{4535469E-73C7-3CB8-C03C-4EE08B912240}.Debug|Any CPU.Build.0 = Debug|Any CPU
		{4535469E-73C7-3CB8-C03C-4EE08B912240}.Release|Any CPU.ActiveCfg = Release|Any CPU
		{4535469E-73C7-3CB8-C03C-4EE08B912240}.Release|Any CPU.Build.0 = Release|Any CPU
		{4146A1C7-C81C-416C-B90C-08841DC5C025}.Debug|Any CPU.ActiveCfg = Debug|Any CPU
		{4146A1C7-C81C-416C-B90C-08841DC5C025}.Debug|Any CPU.Build.0 = Debug|Any CPU
		{4146A1C7-C81C-416C-B90C-08841DC5C025}.Release|Any CPU.ActiveCfg = Release|Any CPU
		{4146A1C7-C81C-416C-B90C-08841DC5C025}.Release|Any CPU.Build.0 = Release|Any CPU
		{DDF9B03B-8A02-4470-997A-DF5757EAA520}.Debug|Any CPU.ActiveCfg = Debug|Any CPU
		{DDF9B03B-8A02-4470-997A-DF5757EAA520}.Debug|Any CPU.Build.0 = Debug|Any CPU
		{DDF9B03B-8A02-4470-997A-DF5757EAA520}.Release|Any CPU.ActiveCfg = Release|Any CPU
		{DDF9B03B-8A02-4470-997A-DF5757EAA520}.Release|Any CPU.Build.0 = Release|Any CPU
		{CC305139-6492-4294-8FC3-D78C15C24497}.Debug|Any CPU.ActiveCfg = Debug|Any CPU
		{CC305139-6492-4294-8FC3-D78C15C24497}.Debug|Any CPU.Build.0 = Debug|Any CPU
		{CC305139-6492-4294-8FC3-D78C15C24497}.Release|Any CPU.ActiveCfg = Release|Any CPU
		{CC305139-6492-4294-8FC3-D78C15C24497}.Release|Any CPU.Build.0 = Release|Any CPU
		{F2D7D1F0-AB57-4268-8DDE-AA729651246D}.Debug|Any CPU.ActiveCfg = Debug|Any CPU
		{F2D7D1F0-AB57-4268-8DDE-AA729651246D}.Debug|Any CPU.Build.0 = Debug|Any CPU
		{F2D7D1F0-AB57-4268-8DDE-AA729651246D}.Release|Any CPU.ActiveCfg = Release|Any CPU
		{F2D7D1F0-AB57-4268-8DDE-AA729651246D}.Release|Any CPU.Build.0 = Release|Any CPU
		{021A144F-A054-4453-818A-85849A39F1C6}.Debug|Any CPU.ActiveCfg = Debug|Any CPU
		{021A144F-A054-4453-818A-85849A39F1C6}.Debug|Any CPU.Build.0 = Debug|Any CPU
		{021A144F-A054-4453-818A-85849A39F1C6}.Release|Any CPU.ActiveCfg = Release|Any CPU
		{021A144F-A054-4453-818A-85849A39F1C6}.Release|Any CPU.Build.0 = Release|Any CPU
		{0D4F403C-0B82-4133-8A81-DDB9A45F19E5}.Debug|Any CPU.ActiveCfg = Debug|Any CPU
		{0D4F403C-0B82-4133-8A81-DDB9A45F19E5}.Debug|Any CPU.Build.0 = Debug|Any CPU
		{0D4F403C-0B82-4133-8A81-DDB9A45F19E5}.Release|Any CPU.ActiveCfg = Release|Any CPU
		{0D4F403C-0B82-4133-8A81-DDB9A45F19E5}.Release|Any CPU.Build.0 = Release|Any CPU
		{7EA81439-5B0C-4C6A-98CA-F8C4876766FC}.Debug|Any CPU.ActiveCfg = Debug|Any CPU
		{7EA81439-5B0C-4C6A-98CA-F8C4876766FC}.Debug|Any CPU.Build.0 = Debug|Any CPU
		{7EA81439-5B0C-4C6A-98CA-F8C4876766FC}.Release|Any CPU.ActiveCfg = Release|Any CPU
		{7EA81439-5B0C-4C6A-98CA-F8C4876766FC}.Release|Any CPU.Build.0 = Release|Any CPU
		{7E0FA73A-44F4-4A6C-9BDB-7C6E19482BD3}.Debug|Any CPU.ActiveCfg = Debug|Any CPU
		{7E0FA73A-44F4-4A6C-9BDB-7C6E19482BD3}.Debug|Any CPU.Build.0 = Debug|Any CPU
		{7E0FA73A-44F4-4A6C-9BDB-7C6E19482BD3}.Release|Any CPU.ActiveCfg = Release|Any CPU
		{7E0FA73A-44F4-4A6C-9BDB-7C6E19482BD3}.Release|Any CPU.Build.0 = Release|Any CPU
		{BD2A24B6-16E8-49C5-8E19-DDE1A993DC7C}.Debug|Any CPU.ActiveCfg = Debug|Any CPU
		{BD2A24B6-16E8-49C5-8E19-DDE1A993DC7C}.Debug|Any CPU.Build.0 = Debug|Any CPU
		{BD2A24B6-16E8-49C5-8E19-DDE1A993DC7C}.Release|Any CPU.ActiveCfg = Release|Any CPU
		{BD2A24B6-16E8-49C5-8E19-DDE1A993DC7C}.Release|Any CPU.Build.0 = Release|Any CPU
	EndGlobalSection
	GlobalSection(SolutionProperties) = preSolution
		HideSolutionNode = FALSE
	EndGlobalSection
	GlobalSection(NestedProjects) = preSolution
		{238967E7-4EB3-4D3D-A2E0-A94F8194B977} = {02EA681E-C7D8-13C7-8484-4AC65E1B71E8}
		{C09053D7-03D9-4C21-A73D-C0659182E1BC} = {02EA681E-C7D8-13C7-8484-4AC65E1B71E8}
		{13D3DFAB-BF98-4F40-8FAF-4B2506BBEE59} = {02EA681E-C7D8-13C7-8484-4AC65E1B71E8}
		{D7C328CB-EE2C-44FD-8EB8-096B6281341F} = {B46A6E6C-ADAE-4F1F-A91F-8EFD09DCE924}
		{877EA30B-05E7-47E4-97E2-36D9F81C4462} = {B46A6E6C-ADAE-4F1F-A91F-8EFD09DCE924}
		{2533B592-095B-480B-94FB-AD504E417A5D} = {B46A6E6C-ADAE-4F1F-A91F-8EFD09DCE924}
		{A0BBF8D7-543B-4404-BEDB-EB583AB3380F} = {BFD1D64F-F2D8-4AA2-9DE5-E2181BA1F046}
		{4A5D9D1D-F4A4-4EFF-A3E1-0F1112E23996} = {BFD1D64F-F2D8-4AA2-9DE5-E2181BA1F046}
		{F98BCBB2-51D7-4B02-9F29-5FB454E9E96C} = {BFD1D64F-F2D8-4AA2-9DE5-E2181BA1F046}
		{649A82B1-0399-0BF3-19FD-4A0232AD1831} = {740C60D3-4707-4967-9E59-3264CC76BA04}
		{F01D205D-7EE4-8CBB-8F9A-53A691505D88} = {740C60D3-4707-4967-9E59-3264CC76BA04}
		{4535469E-73C7-3CB8-C03C-4EE08B912240} = {740C60D3-4707-4967-9E59-3264CC76BA04}
		{4146A1C7-C81C-416C-B90C-08841DC5C025} = {F90C619E-B605-4752-B8A3-1A02EC5E98C9}
		{DDF9B03B-8A02-4470-997A-DF5757EAA520} = {F90C619E-B605-4752-B8A3-1A02EC5E98C9}
		{CC305139-6492-4294-8FC3-D78C15C24497} = {F90C619E-B605-4752-B8A3-1A02EC5E98C9}
		{F2D7D1F0-AB57-4268-8DDE-AA729651246D} = {FA4363BB-F46D-4A0A-BA10-89FA8CDA00FA}
		{021A144F-A054-4453-818A-85849A39F1C6} = {FA4363BB-F46D-4A0A-BA10-89FA8CDA00FA}
		{0D4F403C-0B82-4133-8A81-DDB9A45F19E5} = {FA4363BB-F46D-4A0A-BA10-89FA8CDA00FA}
		{7EA81439-5B0C-4C6A-98CA-F8C4876766FC} = {E71277BB-3231-42B9-AF66-FF18A2FE6E40}
		{7E0FA73A-44F4-4A6C-9BDB-7C6E19482BD3} = {E71277BB-3231-42B9-AF66-FF18A2FE6E40}
		{BD2A24B6-16E8-49C5-8E19-DDE1A993DC7C} = {E71277BB-3231-42B9-AF66-FF18A2FE6E40}
	EndGlobalSection
	GlobalSection(ExtensibilityGlobals) = postSolution
		SolutionGuid = {A180E935-7A6E-4CD0-8F48-CF3D3AE4B1BA}
	EndGlobalSection
EndGlobal
